// !$*UTF8*$!
{
	archiveVersion = 1;
	classes = {
	};
	objectVersion = 46;
	objects = {

/* Begin PBXBuildFile section */
		5556087F1C7658E10063890A /* AppDelegate.swift in Sources */ = {isa = PBXBuildFile; fileRef = 5556087E1C7658E10063890A /* AppDelegate.swift */; };
		555608821C7658E10063890A /* Blog_Reader.xcdatamodeld in Sources */ = {isa = PBXBuildFile; fileRef = 555608801C7658E10063890A /* Blog_Reader.xcdatamodeld */; };
		555608841C7658E10063890A /* MasterViewController.swift in Sources */ = {isa = PBXBuildFile; fileRef = 555608831C7658E10063890A /* MasterViewController.swift */; };
		555608861C7658E10063890A /* DetailViewController.swift in Sources */ = {isa = PBXBuildFile; fileRef = 555608851C7658E10063890A /* DetailViewController.swift */; };
		555608891C7658E10063890A /* Main.storyboard in Resources */ = {isa = PBXBuildFile; fileRef = 555608871C7658E10063890A /* Main.storyboard */; };
		5556088B1C7658E10063890A /* Assets.xcassets in Resources */ = {isa = PBXBuildFile; fileRef = 5556088A1C7658E10063890A /* Assets.xcassets */; };
		5556088E1C7658E10063890A /* LaunchScreen.storyboard in Resources */ = {isa = PBXBuildFile; fileRef = 5556088C1C7658E10063890A /* LaunchScreen.storyboard */; };
/* End PBXBuildFile section */

/* Begin PBXFileReference section */
		5556087B1C7658E10063890A /* Blog Reader.app */ = {isa = PBXFileReference; explicitFileType = wrapper.application; includeInIndex = 0; path = "Blog Reader.app"; sourceTree = BUILT_PRODUCTS_DIR; };
		5556087E1C7658E10063890A /* AppDelegate.swift */ = {isa = PBXFileReference; lastKnownFileType = sourcecode.swift; path = AppDelegate.swift; sourceTree = "<group>"; };
		555608811C7658E10063890A /* Blog_Reader.xcdatamodel */ = {isa = PBXFileReference; lastKnownFileType = wrapper.xcdatamodel; path = Blog_Reader.xcdatamodel; sourceTree = "<group>"; };
		555608831C7658E10063890A /* MasterViewController.swift */ = {isa = PBXFileReference; lastKnownFileType = sourcecode.swift; path = MasterViewController.swift; sourceTree = "<group>"; };
		555608851C7658E10063890A /* DetailViewController.swift */ = {isa = PBXFileReference; lastKnownFileType = sourcecode.swift; path = DetailViewController.swift; sourceTree = "<group>"; };
		555608881C7658E10063890A /* Base */ = {isa = PBXFileReference; lastKnownFileType = file.storyboard; name = Base; path = Base.lproj/Main.storyboard; sourceTree = "<group>"; };
		5556088A1C7658E10063890A /* Assets.xcassets */ = {isa = PBXFileReference; lastKnownFileType = folder.assetcatalog; path = Assets.xcassets; sourceTree = "<group>"; };
		5556088D1C7658E10063890A /* Base */ = {isa = PBXFileReference; lastKnownFileType = file.storyboard; name = Base; path = Base.lproj/LaunchScreen.storyboard; sourceTree = "<group>"; };
		5556088F1C7658E10063890A /* Info.plist */ = {isa = PBXFileReference; lastKnownFileType = text.plist.xml; path = Info.plist; sourceTree = "<group>"; };
/* End PBXFileReference section */

/* Begin PBXFrameworksBuildPhase section */
		555608781C7658E10063890A /* Frameworks */ = {
			isa = PBXFrameworksBuildPhase;
			buildActionMask = 2147483647;
			files = (
			);
			runOnlyForDeploymentPostprocessing = 0;
		};
/* End PBXFrameworksBuildPhase section */

/* Begin PBXGroup section */
		555608721C7658E10063890A = {
			isa = PBXGroup;
			children = (
				5556087D1C7658E10063890A /* Blog Reader */,
				5556087C1C7658E10063890A /* Products */,
			);
			sourceTree = "<group>";
		};
		5556087C1C7658E10063890A /* Products */ = {
			isa = PBXGroup;
			children = (
				5556087B1C7658E10063890A /* Blog Reader.app */,
			);
			name = Products;
			sourceTree = "<group>";
		};
		5556087D1C7658E10063890A /* Blog Reader */ = {
			isa = PBXGroup;
			children = (
				5556087E1C7658E10063890A /* AppDelegate.swift */,
				555608831C7658E10063890A /* MasterViewController.swift */,
				555608851C7658E10063890A /* DetailViewController.swift */,
				555608871C7658E10063890A /* Main.storyboard */,
				5556088A1C7658E10063890A /* Assets.xcassets */,
				5556088C1C7658E10063890A /* LaunchScreen.storyboard */,
				5556088F1C7658E10063890A /* Info.plist */,
				555608801C7658E10063890A /* Blog_Reader.xcdatamodeld */,
			);
			path = "Blog Reader";
			sourceTree = "<group>";
		};
/* End PBXGroup section */

/* Begin PBXNativeTarget section */
		5556087A1C7658E10063890A /* Blog Reader */ = {
			isa = PBXNativeTarget;
			buildConfigurationList = 555608921C7658E10063890A /* Build configuration list for PBXNativeTarget "Blog Reader" */;
			buildPhases = (
				555608771C7658E10063890A /* Sources */,
				555608781C7658E10063890A /* Frameworks */,
				555608791C7658E10063890A /* Resources */,
			);
			buildRules = (
			);
			dependencies = (
			);
			name = "Blog Reader";
			productName = "Blog Reader";
			productReference = 5556087B1C7658E10063890A /* Blog Reader.app */;
			productType = "com.apple.product-type.application";
		};
/* End PBXNativeTarget section */

/* Begin PBXProject section */
		555608731C7658E10063890A /* Project object */ = {
			isa = PBXProject;
			attributes = {
				LastSwiftUpdateCheck = 0720;
				LastUpgradeCheck = 0720;
				ORGANIZATIONNAME = "Lawrence Chen";
				TargetAttributes = {
					5556087A1C7658E10063890A = {
						CreatedOnToolsVersion = 7.2;
						DevelopmentTeam = 4R2V2CB5EK;
					};
				};
			};
			buildConfigurationList = 555608761C7658E10063890A /* Build configuration list for PBXProject "Blog Reader" */;
			compatibilityVersion = "Xcode 3.2";
			developmentRegion = English;
			hasScannedForEncodings = 0;
			knownRegions = (
				en,
				Base,
			);
			mainGroup = 555608721C7658E10063890A;
			productRefGroup = 5556087C1C7658E10063890A /* Products */;
			projectDirPath = "";
			projectRoot = "";
			targets = (
				5556087A1C7658E10063890A /* Blog Reader */,
			);
		};
/* End PBXProject section */

/* Begin PBXResourcesBuildPhase section */
		555608791C7658E10063890A /* Resources */ = {
			isa = PBXResourcesBuildPhase;
			buildActionMask = 2147483647;
			files = (
				5556088E1C7658E10063890A /* LaunchScreen.storyboard in Resources */,
				5556088B1C7658E10063890A /* Assets.xcassets in Resources */,
				555608891C7658E10063890A /* Main.storyboard in Resources */,
			);
			runOnlyForDeploymentPostprocessing = 0;
		};
/* End PBXResourcesBuildPhase section */

/* Begin PBXSourcesBuildPhase section */
		555608771C7658E10063890A /* Sources */ = {
			isa = PBXSourcesBuildPhase;
			buildActionMask = 2147483647;
			files = (
				555608821C7658E10063890A /* Blog_Reader.xcdatamodeld in Sources */,
				5556087F1C7658E10063890A /* AppDelegate.swift in Sources */,
				555608841C7658E10063890A /* MasterViewController.swift in Sources */,
				555608861C7658E10063890A /* DetailViewController.swift in Sources */,
			);
			runOnlyForDeploymentPostprocessing = 0;
		};
/* End PBXSourcesBuildPhase section */

/* Begin PBXVariantGroup section */
		555608871C7658E10063890A /* Main.storyboard */ = {
			isa = PBXVariantGroup;
			children = (
				555608881C7658E10063890A /* Base */,
			);
			name = Main.storyboard;
			sourceTree = "<group>";
		};
		5556088C1C7658E10063890A /* LaunchScreen.storyboard */ = {
			isa = PBXVariantGroup;
			children = (
				5556088D1C7658E10063890A /* Base */,
			);
			name = LaunchScreen.storyboard;
			sourceTree = "<group>";
		};
/* End PBXVariantGroup section */

/* Begin XCBuildConfiguration section */
		555608901C7658E10063890A /* Debug */ = {
			isa = XCBuildConfiguration;
			buildSettings = {
				ALWAYS_SEARCH_USER_PATHS = NO;
				CLANG_CXX_LANGUAGE_STANDARD = "gnu++0x";
				CLANG_CXX_LIBRARY = "libc++";
				CLANG_ENABLE_MODULES = YES;
				CLANG_ENABLE_OBJC_ARC = YES;
				CLANG_WARN_BOOL_CONVERSION = YES;
				CLANG_WARN_CONSTANT_CONVERSION = YES;
				CLANG_WARN_DIRECT_OBJC_ISA_USAGE = YES_ERROR;
				CLANG_WARN_EMPTY_BODY = YES;
				CLANG_WARN_ENUM_CONVERSION = YES;
				CLANG_WARN_INT_CONVERSION = YES;
				CLANG_WARN_OBJC_ROOT_CLASS = YES_ERROR;
				CLANG_WARN_UNREACHABLE_CODE = YES;
				CLANG_WARN__DUPLICATE_METHOD_MATCH = YES;
				"CODE_SIGN_IDENTITY[sdk=iphoneos*]" = "iPhone Developer";
				COPY_PHASE_STRIP = NO;
				DEBUG_INFORMATION_FORMAT = dwarf;
				ENABLE_STRICT_OBJC_MSGSEND = YES;
				ENABLE_TESTABILITY = YES;
				GCC_C_LANGUAGE_STANDARD = gnu99;
				GCC_DYNAMIC_NO_PIC = NO;
				GCC_NO_COMMON_BLOCKS = YES;
				GCC_OPTIMIZATION_LEVEL = 0;
				GCC_PREPROCESSOR_DEFINITIONS = (
					"DEBUG=1",
					"$(inherited)",
				);
				GCC_WARN_64_TO_32_BIT_CONVERSION = YES;
				GCC_WARN_ABOUT_RETURN_TYPE = YES_ERROR;
				GCC_WARN_UNDECLARED_SELECTOR = YES;
				GCC_WARN_UNINITIALIZED_AUTOS = YES_AGGRESSIVE;
				GCC_WARN_UNUSED_FUNCTION = YES;
				GCC_WARN_UNUSED_VARIABLE = YES;
				IPHONEOS_DEPLOYMENT_TARGET = 9.2;
				MTL_ENABLE_DEBUG_INFO = YES;
				ONLY_ACTIVE_ARCH = YES;
				SDKROOT = iphoneos;
				SWIFT_OPTIMIZATION_LEVEL = "-Onone";
			};
			name = Debug;
		};
		555608911C7658E10063890A /* Release */ = {
			isa = XCBuildConfiguration;
			buildSettings = {
				ALWAYS_SEARCH_USER_PATHS = NO;
				CLANG_CXX_LANGUAGE_STANDARD = "gnu++0x";
				CLANG_CXX_LIBRARY = "libc++";
				CLANG_ENABLE_MODULES = YES;
				CLANG_ENABLE_OBJC_ARC = YES;
				CLANG_WARN_BOOL_CONVERSION = YES;
				CLANG_WARN_CONSTANT_CONVERSION = YES;
				CLANG_WARN_DIRECT_OBJC_ISA_USAGE = YES_ERROR;
				CLANG_WARN_EMPTY_BODY = YES;
				CLANG_WARN_ENUM_CONVERSION = YES;
				CLANG_WARN_INT_CONVERSION = YES;
				CLANG_WARN_OBJC_ROOT_CLASS = YES_ERROR;
				CLANG_WARN_UNREACHABLE_CODE = YES;
				CLANG_WARN__DUPLICATE_METHOD_MATCH = YES;
				"CODE_SIGN_IDENTITY[sdk=iphoneos*]" = "iPhone Developer";
				COPY_PHASE_STRIP = NO;
				DEBUG_INFORMATION_FORMAT = "dwarf-with-dsym";
				ENABLE_NS_ASSERTIONS = NO;
				ENABLE_STRICT_OBJC_MSGSEND = YES;
				GCC_C_LANGUAGE_STANDARD = gnu99;
				GCC_NO_COMMON_BLOCKS = YES;
				GCC_WARN_64_TO_32_BIT_CONVERSION = YES;
				GCC_WARN_ABOUT_RETURN_TYPE = YES_ERROR;
				GCC_WARN_UNDECLARED_SELECTOR = YES;
				GCC_WARN_UNINITIALIZED_AUTOS = YES_AGGRESSIVE;
				GCC_WARN_UNUSED_FUNCTION = YES;
				GCC_WARN_UNUSED_VARIABLE = YES;
				IPHONEOS_DEPLOYMENT_TARGET = 9.2;
				MTL_ENABLE_DEBUG_INFO = NO;
				SDKROOT = iphoneos;
				VALIDATE_PRODUCT = YES;
			};
			name = Release;
		};
		555608931C7658E10063890A /* Debug */ = {
			isa = XCBuildConfiguration;
			buildSettings = {
				ASSETCATALOG_COMPILER_APPICON_NAME = AppIcon;
				INFOPLIST_FILE = "Blog Reader/Info.plist";
				LD_RUNPATH_SEARCH_PATHS = "$(inherited) @executable_path/Frameworks";
				PRODUCT_BUNDLE_IDENTIFIER = "com.lchentheiv.Blog-Reader";
				PRODUCT_NAME = "$(TARGET_NAME)";
			};
			name = Debug;
		};
		555608941C7658E10063890A /* Release */ = {
			isa = XCBuildConfiguration;
			buildSettings = {
				ASSETCATALOG_COMPILER_APPICON_NAME = AppIcon;
				INFOPLIST_FILE = "Blog Reader/Info.plist";
				LD_RUNPATH_SEARCH_PATHS = "$(inherited) @executable_path/Frameworks";
				PRODUCT_BUNDLE_IDENTIFIER = "com.lchentheiv.Blog-Reader";
				PRODUCT_NAME = "$(TARGET_NAME)";
			};
			name = Release;
		};
/* End XCBuildConfiguration section */

/* Begin XCConfigurationList section */
		555608761C7658E10063890A /* Build configuration list for PBXProject "Blog Reader" */ = {
			isa = XCConfigurationList;
			buildConfigurations = (
				555608901C7658E10063890A /* Debug */,
				555608911C7658E10063890A /* Release */,
			);
			defaultConfigurationIsVisible = 0;
			defaultConfigurationName = Release;
		};
		555608921C7658E10063890A /* Build configuration list for PBXNativeTarget "Blog Reader" */ = {
			isa = XCConfigurationList;
			buildConfigurations = (
				555608931C7658E10063890A /* Debug */,
				555608941C7658E10063890A /* Release */,
			);
			defaultConfigurationIsVisible = 0;
		};
/* End XCConfigurationList section */

/* Begin XCVersionGroup section */
		555608801C7658E10063890A /* Blog_Reader.xcdatamodeld */ = {
			isa = XCVersionGroup;
			children = (
				555608811C7658E10063890A /* Blog_Reader.xcdatamodel */,
			);
			currentVersion = 555608811C7658E10063890A /* Blog_Reader.xcdatamodel */;
			path = Blog_Reader.xcdatamodeld;
			sourceTree = "<group>";
			versionGroupType = wrapper.xcdatamodel;
		};
/* End XCVersionGroup section */
	};
	rootObject = 555608731C7658E10063890A /* Project object */;
}
